version = 1
revision = 3
requires-python = ">=3.12, <3.14"

[[package]]
name = "colorama"
version = "0.4.6"
source = { registry = "https://pypi.org/simple" }
sdist = { url = "https://files.pythonhosted.org/packages/d8/53/6f443c9a4a8358a93a6792e2acffb9d9d5cb0a5cfd8802644b7b1c9a02e4/colorama-0.4.6.tar.gz", hash = "sha256:08695f5cb7ed6e0531a20572697297273c47b8cae5a63ffc6d6ed5c201be6e44", size = 27697, upload-time = "2022-10-25T02:36:22.414Z" }
wheels = [
    { url = "https://files.pythonhosted.org/packages/d1/d6/3965ed04c63042e047cb6a3e6ed1a63a35087b6a609aa3a15ed8ac56c221/colorama-0.4.6-py2.py3-none-any.whl", hash = "sha256:4f1d9991f5acc0ca119f9d443620b77f9d6b33703e51011c16baf57afb285fc6", size = 25335, upload-time = "2022-10-25T02:36:20.889Z" },
]

[[package]]
name = "coverage"
version = "7.15.4"
source = { registry = "https://pypi.org/simple" }
sdist = { url = "https://files.pythonhosted.org/packages/be/c3/4f2195f512fb172aa425a8803a874b2baa9ba7f80ff7b6080998761fc701/coverage-7.15.4.tar.gz", hash = "sha256:0548198fff07ccf4faf469520bce1c2eceb1ce3e62891921138dec10907f9d00", size = 936952, upload-time = "2026-08-06T13:50:24.442Z" }
wheels = [
    { url = "https://files.pythonhosted.org/packages/1d/48/bc8d4ba7b37551a767bd863f15b3f80182b271c2f55975356f5f7dbe94c2/coverage-7.15.4-cp312-cp312-macosx_10_13_x86_64.whl", hash = "sha256:d4fedd1f7f428f9fe83b1ead5e7cc87a43427be31aadafbac3ac0636dc7abb22", size = 222543, upload-time = "2026-08-06T13:47:37.562Z" },
    { url = "https://files.pythonhosted.org/packages/20/dd/88d6f83f1fffc974a3691a34a97951c5b12df7512a6782c5963883cbc058/coverage-7.15.4-cp312-cp312-macosx_11_0_arm64.whl", hash = "sha256:37e2f0cdf58e2e1fed4e4d5a8f8786ae2f7eb80b478016876667dc4a01d60a97", size = 222905, upload-time = "2026-08-06T13:47:38.927Z" },
    { url = "https://files.pythonhosted.org/packages/bd/5c/54ee0d4748585bb0acab9891cd8d92f2d3593165b4e59fc9de113bfb3140/coverage-7.15.4-cp312-cp312-manylinux1_i686.manylinux_2_28_i686.manylinux_2_5_i686.whl", hash = "sha256:fb55d0e70bb15f2e81477613627286581414693d74ac7963c93a790dd453ca9d", size = 254407, upload-time = "2026-08-06T13:47:40.488Z" },
    { url = "https://files.pythonhosted.org/packages/8c/3f/f0642a372f494bd0d7dad3b497083b910194a5f1c88be2c94fef707c3b59/coverage-7.15.4-cp312-cp312-manylinux1_x86_64.manylinux_2_28_x86_64.manylinux_2_5_x86_64.whl", hash = "sha256:899b9da30f3c6c336566e3707495bb23e8302d39d862f01fa78c48b99b9437e2", size = 257145, upload-time = "2026-08-06T13:47:41.931Z" },
    { url = "https://files.pythonhosted.org/packages/71/17/8b46d0ed68251016002ec972c8fc0119961a765d0984cafb8bf317c43758/coverage-7.15.4-cp312-cp312-manylinux2014_aarch64.manylinux_2_17_aarch64.manylinux_2_28_aarch64.whl", hash = "sha256:d15715e8c46552827e5e4f30a35575a2dbcad14454cf3284c54483946bd16931", size = 258257, upload-time = "2026-08-06T13:47:43.527Z" },
    { url = "https://files.pythonhosted.org/packages/30/b8/8498a0e72d0adbe15477dd07463d2b3bb2c9f6a4815e8589e50939e2c3ae/coverage-7.15.4-cp312-cp312-manylinux2014_ppc64le.manylinux_2_17_ppc64le.manylinux_2_28_ppc64le.whl", hash = "sha256:002a438859f7b430bc99afeaf01a6d187dad1d0dc907b64cdeffc632a5db8fd8", size = 260517, upload-time = "2026-08-06T13:47:45.121Z" },
    { url = "https://files.pythonhosted.org/packages/41/e1/7dce19c3bdb1e3dd63e769508216500edad81bd5f69a26d724e32aceaf78/coverage-7.15.4-cp312-cp312-manylinux_2_31_riscv64.manylinux_2_39_riscv64.whl", hash = "sha256:e4193a04b518f7968f3099755f5509ee7cccc6dc2b92a6b14841934d22e222c9", size = 254785, upload-time = "2026-08-06T13:47:46.541Z" },
    { url = "https://files.pythonhosted.org/packages/dd/b1/e1494703c675a2561723cd9b89f45c9168782c31280c611b1f767851e57c/coverage-7.15.4-cp312-cp312-musllinux_1_2_aarch64.whl", hash = "sha256:e98dcc55d572b38e69d117da7e8e8efb8500f1f5eaf81ecd460a63220790b839", size = 256176, upload-time = "2026-08-06T13:47:48.155Z" },
    { url = "https://files.pythonhosted.org/packages/73/76/a5629d270fb638a43a4b10466f51e2f49d532c1aa4da2913cbbb150bbe0a/coverage-7.15.4-cp312-cp312-musllinux_1_2_i686.whl", hash = "sha256:af6c538498ce66c10d3fd541c2a8d5b03da5850355add34e6cba564210cb9e72", size = 254321, upload-time = "2026-08-06T13:47:49.757Z" },
    { url = "https://files.pythonhosted.org/packages/ff/4f/9c44447218435d5766b911534f9d798144a5560f85e9a54ebe5f3f5d19f9/coverage-7.15.4-cp312-cp312-musllinux_1_2_ppc64le.whl", hash = "sha256:1d10025d96ea89fc2f73714dbc4cbd433fe012c1ac9e23f895d7728b238b6e52", size = 258390, upload-time = "2026-08-06T13:47:51.248Z" },
    { url = "https://files.pythonhosted.org/packages/de/36/c1e127616fb3fa18a9ff71e76c417f2fd7424332a4870015ac224ef4c039/coverage-7.15.4-cp312-cp312-musllinux_1_2_riscv64.whl", hash = "sha256:d802e1947603162ded419bff83ac7489820355d2b856dfb09206574e3a37ac0c", size = 253894, upload-time = "2026-08-06T13:47:52.816Z" },
    { url = "https://files.pythonhosted.org/packages/e9/b9/fdb92c8ae7a8bb9b850cc253b7b3b9c8526f68130002048b5671cd510d09/coverage-7.15.4-cp312-cp312-musllinux_1_2_x86_64.whl", hash = "sha256:c2de40895718f91951b86712b4c5b694acaf9a0a49be13874896f599a1eed3f4", size = 255763, upload-time = "2026-08-06T13:47:54.296Z" },
    { url = "https://files.pythonhosted.org/packages/6f/c0/a7d51b2587c7bdb76e71b0896d2565bf7d60436b5122fc83e511adb1f7cd/coverage-7.15.4-cp312-cp312-win32.whl", hash = "sha256:5c3431b2161279b7db5c2a1aa58ae02e5cb8c3c42d93a5094be3f5537bd5b11b", size = 224597, upload-time = "2026-08-06T13:47:56.074Z" },
    { url = "https://files.pythonhosted.org/packages/49/b9/5c5f80cc55f5acaaca6dee677626bfcec8c87204a7809b438b08e84f4571/coverage-7.15.4-cp312-cp312-win_amd64.whl", hash = "sha256:6befeab5fb2b51c958ca4ac6c5d141a1e8240f4f76e46350f1911963deda49cd", size = 225135, upload-time = "2026-08-06T13:47:57.52Z" },
    { url = "https://files.pythonhosted.org/packages/47/e4/2a4561f89ff6bf7c925c287d0f2cce8bdf139c3a33735c87e3203401cf94/coverage-7.15.4-cp312-cp312-win_arm64.whl", hash = "sha256:67bc345491ab55b837277d76f5775d057e8c7f1ac44d890d8c2c82adde258c6f", size = 224515, upload-time = "2026-08-06T13:47:58.977Z" },
    { url = "https://files.pythonhosted.org/packages/f1/84/651a9310859673aaa3b3203f1aa1641ca60fcf2494683e1c9474c7172780/coverage-7.15.4-cp313-cp313-macosx_10_13_x86_64.whl", hash = "sha256:c705b28feb2775dc82a25f1d473a370bc37ff93f5177f4e29ce2425f560f6921", size = 222565, upload-time = "2026-08-06T13:48:00.796Z" },
    { url = "https://files.pythonhosted.org/packages/82/f9/4dcf700137e8af550670f4d74d1b63828ce93e1e2b05e5f10710eb2ea987/coverage-7.15.4-cp313-cp313-macosx_11_0_arm64.whl", hash = "sha256:3ff205ab5e3ecc670f6a4dd19d9cbf12ede53dd41cfc1e15716ec961ea6d314e", size = 222936, upload-time = "2026-08-06T13:48:02.391Z" },
    { url = "https://files.pythonhosted.org/packages/07/4a/612ff1e780b3fbfd637486f542f84adc5503873d8b5d279dec1ffeef9414/coverage-7.15.4-cp313-cp313-manylinux1_i686.manylinux_2_28_i686.manylinux_2_5_i686.whl", hash = "sha256:5172326e861a38b48b48befca15e0f477a26b283337a33a739c8fed229934e36", size = 253926, upload-time = "2026-08-06T13:48:04.382Z" },
    { url = "https://files.pythonhosted.org/packages/b0/04/d1cff1c2ead4708a6a79c01d3736b6a25bd38a36678398f72a8dd33dfad9/coverage-7.15.4-cp313-cp313-manylinux1_x86_64.manylinux_2_28_x86_64.manylinux_2_5_x86_64.whl", hash = "sha256:12b59c90084e3234fb11184886bf4a40f4f16a8c8f867be2e087b81f8e8868d4", size = 256523, upload-time = "2026-08-06T13:48:05.996Z" },
    { url = "https://files.pythonhosted.org/packages/b9/80/d34e13fb4b293cbdb9665838cf5522077b8ad14ef947550631a4bced36a5/coverage-7.15.4-cp313-cp313-manylinux2014_aarch64.manylinux_2_17_aarch64.manylinux_2_28_aarch64.whl", hash = "sha256:349062d66f00b40fa2c1c222438bad25fabf755631b5d82937fe985c8008615c", size = 257759, upload-time = "2026-08-06T13:48:08.036Z" },
    { url = "https://files.pythonhosted.org/packages/0f/e7/2c5fe7636fdb0732fe0f09f308a5b066864078b7fc61f6678e8478554f2e/coverage-7.15.4-cp313-cp313-manylinux2014_ppc64le.manylinux_2_17_ppc64le.manylinux_2_28_ppc64le.whl", hash = "sha256:4256ced708e598e05209bc1a8ab4074e04a51dba4c62fb45926a229af675ace7", size = 259890, upload-time = "2026-08-06T13:48:09.834Z" },
    { url = "https://files.pythonhosted.org/packages/92/28/9689f0858dfff59c2ea688938ab9fa2925631235df67126a42b6c5c70ae1/coverage-7.15.4-cp313-cp313-manylinux_2_31_riscv64.manylinux_2_39_riscv64.whl", hash = "sha256:d80f974b20782d9612c8b4c9beeca867074c7cf4079d1419843fa25a26428b25", size = 254121, upload-time = "2026-08-06T13:48:11.459Z" },
    { url = "https://files.pythonhosted.org/packages/f9/e2/785077c230c157243eb5aa9a26c3be260ecd02001bead54a3cada3df8e03/coverage-7.15.4-cp313-cp313-musllinux_1_2_aarch64.whl", hash = "sha256:2e179f19bfe1d31f8eeeaa12990194d761c4f62f0759661000bca6cd8729f40b", size = 255891, upload-time = "2026-08-06T13:48:13.209Z" },
    { url = "https://files.pythonhosted.org/packages/d4/90/e20371b17b40f912f21305c2db2f30efa3de306f7320fc916804872c85a4/coverage-7.15.4-cp313-cp313-musllinux_1_2_i686.whl", hash = "sha256:8bc16bb47b7679670eceff71d78bfb7d6e5b143f6c2cd117487ec7c75e0d4b78", size = 253859, upload-time = "2026-08-06T13:48:14.736Z" },
    { url = "https://files.pythonhosted.org/packages/05/49/25371987ee459a5f67c0427fb75c74f9358e65f2c71fe75bf41c1b6c5fcb/coverage-7.15.4-cp313-cp313-musllinux_1_2_ppc64le.whl", hash = "sha256:1cd685005cd2c4200adfc14cf39a603b9320efab3f18a8f7f156d20c9cc3345f", size = 258011, upload-time = "2026-08-06T13:48:16.464Z" },
    { url = "https://files.pythonhosted.org/packages/30/6e/32e67467f6154bf4f1c4f63b05acc5097cba4237d45bbeeea446b52e8ac1/coverage-7.15.4-cp313-cp313-musllinux_1_2_riscv64.whl", hash = "sha256:337399ad2c93b3acd2a937627dae8b3e86b66707cd3d3e856347999aadf1ef8d", size = 253676, upload-time = "2026-08-06T13:48:18.493Z" },
    { url = "https://files.pythonhosted.org/packages/03/c1/8b24192e89286399765155251f99ee9f070a9d637109018ac23d99b99f6f/coverage-7.15.4-cp313-cp313-musllinux_1_2_x86_64.whl", hash = "sha256:96e257121228ec5cd2bb919276e94ac11074471bc37d68dbae0e8308cce15fff", size = 255453, upload-time = "2026-08-06T13:48:20.057Z" },
    { url = "https://files.pythonhosted.org/packages/16/6f/8b41ebdf67c87854e17c035336a90f1cfbad0c14c2a584301be6ff148718/coverage-7.15.4-cp313-cp313-win32.whl", hash = "sha256:c65a9e0dfc6143491879da4e13b5e30f8be192055de508d737fb14601edbd22c", size = 224605, upload-time = "2026-08-06T13:48:21.655Z" },
    { url = "https://files.pythonhosted.org/packages/e0/e2/2946c7f0b42b152ecb21ff1bdad72e3d301e790c0c487e4a86e8c9f69347/coverage-7.15.4-cp313-cp313-win_amd64.whl", hash = "sha256:2ff8f5e9b8f7a94f0c11c45631eee103dbcb7d63274edd12c56efe1be690b3b4", size = 225148, upload-time = "2026-08-06T13:48:23.376Z" },
    { url = "https://files.pythonhosted.org/packages/9e/83/3f4a69957f48ae7a0aba76c34743f88963d607b19e03f3f8e66f91cae0f9/coverage-7.15.4-cp313-cp313-win_arm64.whl", hash = "sha256:6e0a8a5083b096487d6cfced94cdd514d8f5db6f113610fb36c0620edb1028cf", size = 224536, upload-time = "2026-08-06T13:48:25.117Z" },
    { url = "https://files.pythonhosted.org/packages/b4/d9/e70c286c979378f061d8266e279b686ab0b0b688e1fe0af864684f23a77d/coverage-7.15.4-py3-none-any.whl", hash = "sha256:964730a1e9de9c0cf11be6a1a3c79ce419c34882842abd256086ba4698705e84", size = 214332, upload-time = "2026-08-06T13:50:22.192Z" },
]

[[package]]
name = "gh-actions-base-example"
version = "0.1.0"
source = { editable = "." }

[package.dev-dependencies]
dev = [
    { name = "pytest" },
    { name = "pytest-cov" },
]

[package.metadata]

[package.metadata.requires-dev]
dev = [
    { name = "pytest", specifier = ">=8" },
    { name = "pytest-cov", specifier = ">=5" },
]

[[package]]
name = "iniconfig"
version = "2.3.0"
source = { registry = "https://pypi.org/simple" }
sdist = { url = "https://files.pythonhosted.org/packages/72/34/14ca021ce8e5dfedc35312d08ba8bf51fdd999c576889fc2c24cb97f4f10/iniconfig-2.3.0.tar.gz", hash = "sha256:c76315c77db068650d49c5b56314774a7804df16fee4402c1f19d6d15d8c4730", size = 20503, upload-time = "2025-10-18T21:55:43.219Z" }
wheels = [
    { url = "https://files.pythonhosted.org/packages/cb/b1/3846dd7f199d53cb17f49cba7e651e9ce294d8497c8c150530ed11865bb8/iniconfig-2.3.0-py3-none-any.whl", hash = "sha256:f631c04d2c48c52b84d0d0549c99ff3859c98df65b3101406327ecc7d53fbf12", size = 7484, upload-time = "2025-10-18T21:55:41.639Z" },
]

[[package]]
name = "packaging"
version = "26.3"
source = { registry = "https://pypi.org/simple" }
sdist = { url = "https://files.pythonhosted.org/packages/7d/fa/3944b40b07da9ce895c0e6303a5ab7d53da063554f534556b134a54d6093/packaging-26.3.tar.gz", hash = "sha256:94edc256424af38762eb31306eed28beb9f0efc50a8837492c9d6fd6004aed79", size = 313412, upload-time = "2026-08-04T18:15:28.737Z" }
wheels = [
    { url = "https://files.pythonhosted.org/packages/63/34/ba1c580383c9eada3711951fef0795c80b829a078d72188184bcab9dd527/packaging-26.3-py3-none-any.whl", hash = "sha256:d7193f7c8e4e93f444fde0262bf90af30e16fa0ad0ad44cb553c87339b23cd1c", size = 129956, upload-time = "2026-08-04T18:15:27.159Z" },
]

[[package]]
name = "pluggy"
version = "1.6.0"
source = { registry = "https://pypi.org/simple" }
sdist = { url = "https://files.pythonhosted.org/packages/f9/e2/3e91f31a7d2b083fe6ef3fa267035b518369d9511ffab804f839851d2779/pluggy-1.6.0.tar.gz", hash = "sha256:7dcc130b76258d33b90f61b658791dede3486c3e6bfb003ee5c9bfb396dd22f3", size = 69412, upload-time = "2025-05-15T12:30:07.975Z" }
wheels = [
    { url = "https://files.pythonhosted.org/packages/54/20/4d324d65cc6d9205fabedc306948156824eb9f0ee1633355a8f7ec5c66bf/pluggy-1.6.0-py3-none-any.whl", hash = "sha256:e920276dd6813095e9377c0bc5566d94c932c33b27a3e3945d8389c374dd4746", size = 20538, upload-time = "2025-05-15T12:30:06.134Z" },
]

[[package]]
name = "pygments"
version = "2.20.0"
source = { registry = "https://pypi.org/simple" }
sdist = { url = "https://files.pythonhosted.org/packages/c3/b2/bc9c9196916376152d655522fdcebac55e66de6603a76a02bca1b6414f6c/pygments-2.20.0.tar.gz", hash = "sha256:6757cd03768053ff99f3039c1a36d6c0aa0b263438fcab17520b30a303a82b5f", size = 4955991, upload-time = "2026-03-29T13:29:33.898Z" }
wheels = [
    { url = "https://files.pythonhosted.org/packages/f4/7e/a72dd26f3b0f4f2bf1dd8923c85f7ceb43172af56d63c7383eb62b332364/pygments-2.20.0-py3-none-any.whl", hash = "sha256:81a9e26dd42fd28a23a2d169d86d7ac03b46e2f8b59ed4698fb4785f946d0176", size = 1231151, upload-time = "2026-03-29T13:29:30.038Z" },
]

[[package]]
name = "pytest"
version = "9.1.1"
source = { registry = "https://pypi.org/simple" }
dependencies = [
    { name = "colorama", marker = "sys_platform == 'win32'" },
    { name = "iniconfig" },
    { name = "packaging" },
    { name = "pluggy" },
    { name = "pygments" },
]
sdist = { url = "https://files.pythonhosted.org/packages/e4/47/b9efed96c114afcfa3c9d3fe98a76a1d14c74a9e266d397cf6eb64be5e01/pytest-9.1.1.tar.gz", hash = "sha256:1088fbde8f2b49d95a549a195707afa7a76a3ce9bcadc26b6d71f0ffda5fe313", size = 1636369, upload-time = "2026-06-19T10:58:32.857Z" }
wheels = [
    { url = "https://files.pythonhosted.org/packages/24/25/1de2678b631f5a49215c6c96fff41ba892b0a34df68d6d80292b1b48aa7f/pytest-9.1.1-py3-none-any.whl", hash = "sha256:37a86b45efb9a47a61a36449063e8e18d0cab3161329fc099eb21783169c4f0c", size = 386536, upload-time = "2026-06-19T10:58:31.347Z" },
]

[[package]]
name = "pytest-cov"
version = "7.1.0"
source = { registry = "https://pypi.org/simple" }
dependencies = [
    { name = "coverage" },
    { name = "pluggy" },
    { name = "pytest" },
]
sdist = { url = "https://files.pythonhosted.org/packages/b1/51/a849f96e117386044471c8ec2bd6cfebacda285da9525c9106aeb28da671/pytest_cov-7.1.0.tar.gz", hash = "sha256:30674f2b5f6351aa09702a9c8c364f6a01c27aae0c1366ae8016160d1efc56b2", size = 55592, upload-time = "2026-03-21T20:11:16.284Z" }
wheels = [
    { url = "https://files.pythonhosted.org/packages/9d/7a/d968e294073affff457b041c2be9868a40c1c71f4a35fcc1e45e5493067b/pytest_cov-7.1.0-py3-none-any.whl", hash = "sha256:a0461110b7865f9a271aa1b51e516c9a95de9d696734a2f71e3e78f46e1d4678", size = 22876, upload-time = "2026-03-21T20:11:14.438Z" },
]
